{
    "version": 3,
    "terraform_version": "0.11.7",
    "serial": 13,
    "lineage": "ed0bc0cf-fed5-3322-e704-3bb99109b8a4",
    "modules": [
        {
            "path": [
                "root"
            ],
            "outputs": {
                "blockflix_instance_address": {
                    "sensitive": false,
                    "type": "string",
                    "value": "54.189.197.102"
                },
                "db_instance_address": {
                    "sensitive": false,
                    "type": "string",
                    "value": "blockflix-dev-db.copavo1sz88v.us-west-2.rds.amazonaws.com"
                },
                "redash_instance_address": {
                    "sensitive": false,
                    "type": "string",
                    "value": "54.202.146.16"
                }
            },
            "resources": {
                "aws_db_instance.blockflix_db": {
                    "type": "aws_db_instance",
                    "depends_on": [
                        "aws_db_subnet_group.default",
                        "aws_security_group.database_sg"
                    ],
                    "primary": {
                        "id": "blockflix-dev-db",
                        "attributes": {
                            "address": "blockflix-dev-db.copavo1sz88v.us-west-2.rds.amazonaws.com",
                            "allocated_storage": "25",
                            "arn": "arn:aws:rds:us-west-2:611312864149:db:blockflix-dev-db",
                            "auto_minor_version_upgrade": "true",
                            "availability_zone": "us-west-2a",
                            "backup_retention_period": "0",
                            "backup_window": "12:22-12:52",
                            "ca_cert_identifier": "rds-ca-2015",
                            "copy_tags_to_snapshot": "false",
                            "db_subnet_group_name": "database-subnet",
                            "domain": "",
                            "domain_iam_role_name": "",
                            "enabled_cloudwatch_logs_exports.#": "0",
                            "endpoint": "blockflix-dev-db.copavo1sz88v.us-west-2.rds.amazonaws.com:3306",
                            "engine": "mysql",
                            "engine_version": "5.7.22",
                            "hosted_zone_id": "Z1PVIF0B656C1W",
                            "iam_database_authentication_enabled": "false",
                            "id": "blockflix-dev-db",
                            "identifier": "blockflix-dev-db",
                            "instance_class": "db.t2.micro",
                            "iops": "0",
                            "kms_key_id": "",
                            "license_model": "general-public-license",
                            "maintenance_window": "tue:07:16-tue:07:46",
                            "monitoring_interval": "0",
                            "multi_az": "false",
                            "name": "blockflix_development",
                            "option_group_name": "default:mysql-5-7",
                            "parameter_group_name": "default.mysql5.7",
                            "password": "blockflix",
                            "port": "3306",
                            "publicly_accessible": "false",
                            "replicas.#": "0",
                            "replicate_source_db": "",
                            "resource_id": "db-CZUIN337PFFVEZVY7X3BHIUKZA",
                            "security_group_names.#": "0",
                            "skip_final_snapshot": "false",
                            "status": "available",
                            "storage_encrypted": "false",
                            "storage_type": "standard",
                            "tags.%": "0",
                            "timezone": "",
                            "username": "blockflix",
                            "vpc_security_group_ids.#": "1",
                            "vpc_security_group_ids.147929553": "sg-00a709ae0d9f902ab"
                        },
                        "meta": {
                            "e2bfb730-ecaa-11e6-8f88-34363bc7c4c0": {
                                "create": 2400000000000,
                                "delete": 2400000000000,
                                "update": 4800000000000
                            }
                        },
                        "tainted": false
                    },
                    "deposed": [],
                    "provider": "provider.aws"
                },
                "aws_db_subnet_group.default": {
                    "type": "aws_db_subnet_group",
                    "depends_on": [
                        "aws_subnet.default",
                        "aws_subnet.secondary"
                    ],
                    "primary": {
                        "id": "database-subnet",
                        "attributes": {
                            "arn": "arn:aws:rds:us-west-2:611312864149:subgrp:database-subnet",
                            "description": "Managed by Terraform",
                            "id": "database-subnet",
                            "name": "database-subnet",
                            "subnet_ids.#": "2",
                            "subnet_ids.1569934753": "subnet-0d6e24de3bdb14111",
                            "subnet_ids.2428050844": "subnet-0fbd33c42a0ff782e",
                            "tags.%": "1",
                            "tags.Name": "Database Subnet Group"
                        },
                        "meta": {},
                        "tainted": false
                    },
                    "deposed": [],
                    "provider": "provider.aws"
                },
                "aws_instance.blockflix": {
                    "type": "aws_instance",
                    "depends_on": [
                        "aws_key_pair.auth",
                        "aws_security_group.application_sg",
                        "aws_subnet.default"
                    ],
                    "primary": {
                        "id": "i-0b15166a63813d6b5",
                        "attributes": {
                            "ami": "ami-51537029",
                            "arn": "arn:aws:ec2:us-west-2:611312864149:instance/i-0b15166a63813d6b5",
                            "associate_public_ip_address": "true",
                            "availability_zone": "us-west-2a",
                            "cpu_core_count": "2",
                            "cpu_threads_per_core": "1",
                            "credit_specification.#": "1",
                            "credit_specification.0.cpu_credits": "standard",
                            "disable_api_termination": "false",
                            "ebs_block_device.#": "0",
                            "ebs_optimized": "false",
                            "ephemeral_block_device.#": "0",
                            "get_password_data": "false",
                            "iam_instance_profile": "",
                            "id": "i-0b15166a63813d6b5",
                            "instance_state": "running",
                            "instance_type": "t2.large",
                            "ipv6_addresses.#": "0",
                            "key_name": "ghen-workstation",
                            "monitoring": "false",
                            "network_interface.#": "0",
                            "network_interface_id": "eni-0abe374692316073b",
                            "password_data": "",
                            "placement_group": "",
                            "primary_network_interface_id": "eni-0abe374692316073b",
                            "private_dns": "ip-10-0-1-143.us-west-2.compute.internal",
                            "private_ip": "10.0.1.143",
                            "public_dns": "",
                            "public_ip": "54.189.197.102",
                            "root_block_device.#": "1",
                            "root_block_device.0.delete_on_termination": "true",
                            "root_block_device.0.iops": "100",
                            "root_block_device.0.volume_id": "vol-0cf581d38bbdd80eb",
                            "root_block_device.0.volume_size": "8",
                            "root_block_device.0.volume_type": "gp2",
                            "security_groups.#": "0",
                            "source_dest_check": "true",
                            "subnet_id": "subnet-0d6e24de3bdb14111",
                            "tags.%": "0",
                            "tenancy": "default",
                            "volume_tags.%": "0",
                            "vpc_security_group_ids.#": "1",
                            "vpc_security_group_ids.1206670124": "sg-020fe5957c969e4be"
                        },
                        "meta": {
                            "e2bfb730-ecaa-11e6-8f88-34363bc7c4c0": {
                                "create": 600000000000,
                                "delete": 1200000000000,
                                "update": 600000000000
                            },
                            "schema_version": "1"
                        },
                        "tainted": false
                    },
                    "deposed": [],
                    "provider": "provider.aws"
                },
                "aws_instance.redash": {
                    "type": "aws_instance",
                    "depends_on": [
                        "aws_key_pair.auth",
                        "aws_security_group.application_sg",
                        "aws_subnet.default"
                    ],
                    "primary": {
                        "id": "i-03496bd038fe75d2c",
                        "attributes": {
                            "ami": "ami-2325c85b",
                            "arn": "arn:aws:ec2:us-west-2:611312864149:instance/i-03496bd038fe75d2c",
                            "associate_public_ip_address": "true",
                            "availability_zone": "us-west-2a",
                            "cpu_core_count": "1",
                            "cpu_threads_per_core": "1",
                            "credit_specification.#": "1",
                            "credit_specification.0.cpu_credits": "standard",
                            "disable_api_termination": "false",
                            "ebs_block_device.#": "0",
                            "ebs_optimized": "false",
                            "ephemeral_block_device.#": "0",
                            "get_password_data": "false",
                            "iam_instance_profile": "",
                            "id": "i-03496bd038fe75d2c",
                            "instance_state": "running",
                            "instance_type": "t2.micro",
                            "ipv6_addresses.#": "0",
                            "key_name": "ghen-workstation",
                            "monitoring": "false",
                            "network_interface.#": "0",
                            "network_interface_id": "eni-07a3cda4849b3decf",
                            "password_data": "",
                            "placement_group": "",
                            "primary_network_interface_id": "eni-07a3cda4849b3decf",
                            "private_dns": "ip-10-0-1-17.us-west-2.compute.internal",
                            "private_ip": "10.0.1.17",
                            "public_dns": "",
                            "public_ip": "54.202.146.16",
                            "root_block_device.#": "1",
                            "root_block_device.0.delete_on_termination": "true",
                            "root_block_device.0.iops": "100",
                            "root_block_device.0.volume_id": "vol-0d0231137e862ef10",
                            "root_block_device.0.volume_size": "8",
                            "root_block_device.0.volume_type": "gp2",
                            "security_groups.#": "0",
                            "source_dest_check": "true",
                            "subnet_id": "subnet-0d6e24de3bdb14111",
                            "tags.%": "2",
                            "tags.Name": "redash",
                            "tags.Project": "data-platform",
                            "tenancy": "default",
                            "volume_tags.%": "0",
                            "vpc_security_group_ids.#": "1",
                            "vpc_security_group_ids.1206670124": "sg-020fe5957c969e4be"
                        },
                        "meta": {
                            "e2bfb730-ecaa-11e6-8f88-34363bc7c4c0": {
                                "create": 600000000000,
                                "delete": 1200000000000,
                                "update": 600000000000
                            },
                            "schema_version": "1"
                        },
                        "tainted": false
                    },
                    "deposed": [],
                    "provider": "provider.aws"
                },
                "aws_internet_gateway.default": {
                    "type": "aws_internet_gateway",
                    "depends_on": [
                        "aws_vpc.default"
                    ],
                    "primary": {
                        "id": "igw-06f28512c4898f15c",
                        "attributes": {
                            "id": "igw-06f28512c4898f15c",
                            "tags.%": "2",
                            "tags.Name": "data-platform",
                            "tags.Project": "data-platform",
                            "vpc_id": "vpc-0e28e212fe9dac101"
                        },
                        "meta": {},
                        "tainted": false
                    },
                    "deposed": [],
                    "provider": "provider.aws"
                },
                "aws_key_pair.auth": {
                    "type": "aws_key_pair",
                    "depends_on": [],
                    "primary": {
                        "id": "ghen-workstation",
                        "attributes": {
                            "fingerprint": "18:99:ab:b7:44:d7:00:34:bc:6b:0b:ab:a8:31:e0:9e",
                            "id": "ghen-workstation",
                            "key_name": "ghen-workstation",
                            "public_key": "ssh-rsa AAAAB3NzaC1yc2EAAAADAQABAAABAQC1Jne17vhUmo2I+fdrL1mDWuJF32ZEWGzXXnXec6FRTm/JLISbA0fgTCljzzmYTxBlQfQWmksBUAvB79J9RQCwU9DMxqFWGMMqY8Y7o7gxrzsADuU6IL+gNfuH1HwvzNGWGhJgtco67WAQIADeHhegfLkYaSUc3HsevAMcNSH37od2Qm5rZM98zLz2TPRDXgSBp1aBO2pH2tApYhFWULtov0T9T0Q+jQcenRZR1s85zV4nukrTjfg9WIVDC3JvFTgLg/P3DWfIZJFL2vrmn0+Q6arBvSDL3e3Gyd62ObX7gMgjVv5RFkYvBYWS2LaQEj0W+aL/kmeZPPk9wu6H1NIF mikeghen@MichaelMBP.local"
                        },
                        "meta": {
                            "schema_version": "1"
                        },
                        "tainted": false
                    },
                    "deposed": [],
                    "provider": "provider.aws"
                },
                "aws_route.internet_access": {
                    "type": "aws_route",
                    "depends_on": [
                        "aws_internet_gateway.default",
                        "aws_vpc.default"
                    ],
                    "primary": {
                        "id": "r-rtb-0b8eae4a687ee883b1080289494",
                        "attributes": {
                            "destination_cidr_block": "0.0.0.0/0",
                            "destination_prefix_list_id": "",
                            "egress_only_gateway_id": "",
                            "gateway_id": "igw-06f28512c4898f15c",
                            "id": "r-rtb-0b8eae4a687ee883b1080289494",
                            "instance_id": "",
                            "instance_owner_id": "",
                            "nat_gateway_id": "",
                            "network_interface_id": "",
                            "origin": "CreateRoute",
                            "route_table_id": "rtb-0b8eae4a687ee883b",
                            "state": "active",
                            "vpc_peering_connection_id": ""
                        },
                        "meta": {
                            "e2bfb730-ecaa-11e6-8f88-34363bc7c4c0": {
                                "create": 120000000000,
                                "delete": 300000000000
                            }
                        },
                        "tainted": false
                    },
                    "deposed": [],
                    "provider": "provider.aws"
                },
                "aws_security_group.application_sg": {
                    "type": "aws_security_group",
                    "depends_on": [
                        "aws_vpc.default"
                    ],
                    "primary": {
                        "id": "sg-020fe5957c969e4be",
                        "attributes": {
                            "arn": "arn:aws:ec2:us-west-2:611312864149:security-group/sg-020fe5957c969e4be",
                            "description": "Application Security Group",
                            "egress.#": "1",
                            "egress.482069346.cidr_blocks.#": "1",
                            "egress.482069346.cidr_blocks.0": "0.0.0.0/0",
                            "egress.482069346.description": "",
                            "egress.482069346.from_port": "0",
                            "egress.482069346.ipv6_cidr_blocks.#": "0",
                            "egress.482069346.prefix_list_ids.#": "0",
                            "egress.482069346.protocol": "-1",
                            "egress.482069346.security_groups.#": "0",
                            "egress.482069346.self": "false",
                            "egress.482069346.to_port": "0",
                            "id": "sg-020fe5957c969e4be",
                            "ingress.#": "4",
                            "ingress.2214680975.cidr_blocks.#": "1",
                            "ingress.2214680975.cidr_blocks.0": "0.0.0.0/0",
                            "ingress.2214680975.description": "",
                            "ingress.2214680975.from_port": "80",
                            "ingress.2214680975.ipv6_cidr_blocks.#": "0",
                            "ingress.2214680975.prefix_list_ids.#": "0",
                            "ingress.2214680975.protocol": "tcp",
                            "ingress.2214680975.security_groups.#": "0",
                            "ingress.2214680975.self": "false",
                            "ingress.2214680975.to_port": "80",
                            "ingress.2491066110.cidr_blocks.#": "1",
                            "ingress.2491066110.cidr_blocks.0": "0.0.0.0/0",
                            "ingress.2491066110.description": "",
                            "ingress.2491066110.from_port": "5000",
                            "ingress.2491066110.ipv6_cidr_blocks.#": "0",
                            "ingress.2491066110.prefix_list_ids.#": "0",
                            "ingress.2491066110.protocol": "tcp",
                            "ingress.2491066110.security_groups.#": "0",
                            "ingress.2491066110.self": "false",
                            "ingress.2491066110.to_port": "5000",
                            "ingress.2541437006.cidr_blocks.#": "1",
                            "ingress.2541437006.cidr_blocks.0": "0.0.0.0/0",
                            "ingress.2541437006.description": "",
                            "ingress.2541437006.from_port": "22",
                            "ingress.2541437006.ipv6_cidr_blocks.#": "0",
                            "ingress.2541437006.prefix_list_ids.#": "0",
                            "ingress.2541437006.protocol": "tcp",
                            "ingress.2541437006.security_groups.#": "0",
                            "ingress.2541437006.self": "false",
                            "ingress.2541437006.to_port": "22",
                            "ingress.358872436.cidr_blocks.#": "1",
                            "ingress.358872436.cidr_blocks.0": "0.0.0.0/0",
                            "ingress.358872436.description": "",
                            "ingress.358872436.from_port": "2992",
                            "ingress.358872436.ipv6_cidr_blocks.#": "0",
                            "ingress.358872436.prefix_list_ids.#": "0",
                            "ingress.358872436.protocol": "tcp",
                            "ingress.358872436.security_groups.#": "0",
                            "ingress.358872436.self": "false",
                            "ingress.358872436.to_port": "2992",
                            "name": "application_sq",
                            "owner_id": "611312864149",
                            "revoke_rules_on_delete": "false",
                            "tags.%": "0",
                            "vpc_id": "vpc-0e28e212fe9dac101"
                        },
                        "meta": {
                            "e2bfb730-ecaa-11e6-8f88-34363bc7c4c0": {
                                "create": 600000000000,
                                "delete": 600000000000
                            },
                            "schema_version": "1"
                        },
                        "tainted": false
                    },
                    "deposed": [],
                    "provider": "provider.aws"
                },
                "aws_security_group.database_sg": {
                    "type": "aws_security_group",
                    "depends_on": [
                        "aws_vpc.default"
                    ],
                    "primary": {
                        "id": "sg-00a709ae0d9f902ab",
                        "attributes": {
                            "arn": "arn:aws:ec2:us-west-2:611312864149:security-group/sg-00a709ae0d9f902ab",
                            "description": "Database Security Group",
                            "egress.#": "1",
                            "egress.482069346.cidr_blocks.#": "1",
                            "egress.482069346.cidr_blocks.0": "0.0.0.0/0",
                            "egress.482069346.description": "",
                            "egress.482069346.from_port": "0",
                            "egress.482069346.ipv6_cidr_blocks.#": "0",
                            "egress.482069346.prefix_list_ids.#": "0",
                            "egress.482069346.protocol": "-1",
                            "egress.482069346.security_groups.#": "0",
                            "egress.482069346.self": "false",
                            "egress.482069346.to_port": "0",
                            "id": "sg-00a709ae0d9f902ab",
                            "ingress.#": "1",
                            "ingress.1163740523.cidr_blocks.#": "0",
                            "ingress.1163740523.description": "",
                            "ingress.1163740523.from_port": "3306",
                            "ingress.1163740523.ipv6_cidr_blocks.#": "0",
                            "ingress.1163740523.prefix_list_ids.#": "0",
                            "ingress.1163740523.protocol": "tcp",
                            "ingress.1163740523.security_groups.#": "1",
                            "ingress.1163740523.security_groups.1080289494": "0.0.0.0/0",
                            "ingress.1163740523.self": "false",
                            "ingress.1163740523.to_port": "3306",
                            "name": "database_sg",
                            "owner_id": "611312864149",
                            "revoke_rules_on_delete": "false",
                            "tags.%": "0",
                            "vpc_id": "vpc-0e28e212fe9dac101"
                        },
                        "meta": {
                            "e2bfb730-ecaa-11e6-8f88-34363bc7c4c0": {
                                "create": 600000000000,
                                "delete": 600000000000
                            },
                            "schema_version": "1"
                        },
                        "tainted": false
                    },
                    "deposed": [],
                    "provider": "provider.aws"
                },
                "aws_subnet.default": {
                    "type": "aws_subnet",
                    "depends_on": [
                        "aws_vpc.default"
                    ],
                    "primary": {
                        "id": "subnet-0d6e24de3bdb14111",
                        "attributes": {
                            "arn": "arn:aws:ec2:us-west-2:611312864149:subnet/subnet-0d6e24de3bdb14111",
                            "assign_ipv6_address_on_creation": "false",
                            "availability_zone": "us-west-2a",
                            "cidr_block": "10.0.1.0/24",
                            "id": "subnet-0d6e24de3bdb14111",
                            "map_public_ip_on_launch": "true",
                            "tags.%": "2",
                            "tags.Name": "data-platform-default",
                            "tags.Project": "data-platform",
                            "vpc_id": "vpc-0e28e212fe9dac101"
                        },
                        "meta": {
                            "schema_version": "1"
                        },
                        "tainted": false
                    },
                    "deposed": [],
                    "provider": "provider.aws"
                },
                "aws_subnet.secondary": {
                    "type": "aws_subnet",
                    "depends_on": [
                        "aws_vpc.default"
                    ],
                    "primary": {
                        "id": "subnet-0fbd33c42a0ff782e",
                        "attributes": {
                            "arn": "arn:aws:ec2:us-west-2:611312864149:subnet/subnet-0fbd33c42a0ff782e",
                            "assign_ipv6_address_on_creation": "false",
                            "availability_zone": "us-west-2b",
                            "cidr_block": "10.0.2.0/24",
                            "id": "subnet-0fbd33c42a0ff782e",
                            "map_public_ip_on_launch": "true",
                            "tags.%": "2",
                            "tags.Name": "data-platform-secondary",
                            "tags.Project": "data-platform",
                            "vpc_id": "vpc-0e28e212fe9dac101"
                        },
                        "meta": {
                            "schema_version": "1"
                        },
                        "tainted": false
                    },
                    "deposed": [],
                    "provider": "provider.aws"
                },
                "aws_vpc.default": {
                    "type": "aws_vpc",
                    "depends_on": [],
                    "primary": {
                        "id": "vpc-0e28e212fe9dac101",
                        "attributes": {
                            "arn": "arn:aws:ec2:us-west-2:611312864149:vpc/vpc-0e28e212fe9dac101",
                            "assign_generated_ipv6_cidr_block": "false",
                            "cidr_block": "10.0.0.0/16",
                            "default_network_acl_id": "acl-0d3a17124c57831af",
                            "default_route_table_id": "rtb-0b8eae4a687ee883b",
                            "default_security_group_id": "sg-0a7666e02444c5a7d",
                            "dhcp_options_id": "dopt-e1e60c84",
                            "enable_classiclink": "false",
                            "enable_classiclink_dns_support": "false",
                            "enable_dns_hostnames": "false",
                            "enable_dns_support": "true",
                            "id": "vpc-0e28e212fe9dac101",
                            "instance_tenancy": "default",
                            "main_route_table_id": "rtb-0b8eae4a687ee883b",
                            "tags.%": "2",
                            "tags.Name": "data-platform",
                            "tags.Project": "data-platform"
                        },
                        "meta": {
                            "schema_version": "1"
                        },
                        "tainted": false
                    },
                    "deposed": [],
                    "provider": "provider.aws"
                }
            },
            "depends_on": []
        }
    ]
}
